
Microsoft Visual Studio Solution File, Format Version 12.00
# Visual Studio Version 17
VisualStudioVersion = 17.9.34607.119
MinimumVisualStudioVersion = 10.0.40219.1
Project("{FAE04EC0-301F-11D3-BF4B-00C04F79EFBC}") = "AspMvcModelBindingApp", "AspMvcModelBindingApp\AspMvcModelBindingApp.csproj", "{D257ABAA-5F4F-4123-B1CA-94E24AEAF6B8}"
EndProject
Global
	GlobalSection(SolutionConfigurationPlatforms) = preSolution
		Debug|Any CPU = Debug|Any CPU
		Release|Any CPU = Release|Any CPU
	EndGlobalSection
	GlobalSection(ProjectConfigurationPlatforms) = postSolution
		{D257ABAA-5F4F-4123-B1CA-94E24AEAF6B8}.Debug|Any CPU.ActiveCfg = Debug|Any CPU
		{D257ABAA-5F4F-4123-B1CA-94E24AEAF6B8}.Debug|Any CPU.Build.0 = Debug|Any CPU
		{D257ABAA-5F4F-4123-B1CA-94E24AEAF6B8}.Release|Any CPU.ActiveCfg = Release|Any CPU
		{D257ABAA-5F4F-4123-B1CA-94E24AEAF6B8}.Release|Any CPU.Build.0 = Release|Any CPU
	EndGlobalSection
	GlobalSection(SolutionProperties) = preSolution
		HideSolutionNode = FALSE
	EndGlobalSection
	GlobalSection(ExtensibilityGlobals) = postSolution
		SolutionGuid = {6F2824A5-B5FC-4A38-B198-F9012ED5BED7}
	EndGlobalSection
EndGlobal
